
Microsoft Visual Studio Solution File, Format Version 12.00
# Visual Studio Version 17
VisualStudioVersion = 17.13.35818.85
MinimumVisualStudioVersion = 10.0.40219.1
Project("{FAE04EC0-301F-11D3-BF4B-00C04F79EFBC}") = "DAL", "DAL\DAL.csproj", "{64968CC1-A028-4CCF-9ED5-3D36722B87AA}"
EndProject
Project("{FAE04EC0-301F-11D3-BF4B-00C04F79EFBC}") = "WinFormsApp", "WinFormsApp\WinFormsApp.csproj", "{6A3F4A12-3707-441B-BF52-486EF9CDCB59}"
EndProject
Project("{FAE04EC0-301F-11D3-BF4B-00C04F79EFBC}") = "WpfApp", "WpfApp\WpfApp.csproj", "{B109C37F-1342-4459-A570-94C24E494000}"
EndProject
Project("{D954291E-2A0B-460D-934E-DC6B0785DB48}") = "Resources", "Resources\Resources.shproj", "{CEC5260B-378B-4D99-9356-3E06CE6253E8}"
EndProject
Project("{FAE04EC0-301F-11D3-BF4B-00C04F79EFBC}") = "Localization", "Localization\Localization.csproj", "{D9913E6D-9A44-4352-A941-3024D05F6BD4}"
EndProject
Global
	GlobalSection(SolutionConfigurationPlatforms) = preSolution
		Debug|Any CPU = Debug|Any CPU
		Release|Any CPU = Release|Any CPU
	EndGlobalSection
	GlobalSection(ProjectConfigurationPlatforms) = postSolution
		{64968CC1-A028-4CCF-9ED5-3D36722B87AA}.Debug|Any CPU.ActiveCfg = Debug|Any CPU
		{64968CC1-A028-4CCF-9ED5-3D36722B87AA}.Debug|Any CPU.Build.0 = Debug|Any CPU
		{64968CC1-A028-4CCF-9ED5-3D36722B87AA}.Release|Any CPU.ActiveCfg = Release|Any CPU
		{64968CC1-A028-4CCF-9ED5-3D36722B87AA}.Release|Any CPU.Build.0 = Release|Any CPU
		{6A3F4A12-3707-441B-BF52-486EF9CDCB59}.Debug|Any CPU.ActiveCfg = Debug|Any CPU
		{6A3F4A12-3707-441B-BF52-486EF9CDCB59}.Debug|Any CPU.Build.0 = Debug|Any CPU
		{6A3F4A12-3707-441B-BF52-486EF9CDCB59}.Release|Any CPU.ActiveCfg = Release|Any CPU
		{6A3F4A12-3707-441B-BF52-486EF9CDCB59}.Release|Any CPU.Build.0 = Release|Any CPU
		{B109C37F-1342-4459-A570-94C24E494000}.Debug|Any CPU.ActiveCfg = Debug|Any CPU
		{B109C37F-1342-4459-A570-94C24E494000}.Debug|Any CPU.Build.0 = Debug|Any CPU
		{B109C37F-1342-4459-A570-94C24E494000}.Release|Any CPU.ActiveCfg = Release|Any CPU
		{B109C37F-1342-4459-A570-94C24E494000}.Release|Any CPU.Build.0 = Release|Any CPU
		{D9913E6D-9A44-4352-A941-3024D05F6BD4}.Debug|Any CPU.ActiveCfg = Debug|Any CPU
		{D9913E6D-9A44-4352-A941-3024D05F6BD4}.Debug|Any CPU.Build.0 = Debug|Any CPU
		{D9913E6D-9A44-4352-A941-3024D05F6BD4}.Release|Any CPU.ActiveCfg = Release|Any CPU
		{D9913E6D-9A44-4352-A941-3024D05F6BD4}.Release|Any CPU.Build.0 = Release|Any CPU
	EndGlobalSection
	GlobalSection(SolutionProperties) = preSolution
		HideSolutionNode = FALSE
	EndGlobalSection
	GlobalSection(ExtensibilityGlobals) = postSolution
		SolutionGuid = {A8295A3D-5572-4F9D-8915-CC39DE32405A}
	EndGlobalSection
	GlobalSection(SharedMSBuildProjectFiles) = preSolution
		Resources\Resources.projitems*{64968cc1-a028-4ccf-9ed5-3d36722b87aa}*SharedItemsImports = 5
		Resources\Resources.projitems*{6a3f4a12-3707-441b-bf52-486ef9cdcb59}*SharedItemsImports = 5
		Resources\Resources.projitems*{b109c37f-1342-4459-a570-94c24e494000}*SharedItemsImports = 5
		Resources\Resources.projitems*{cec5260b-378b-4d99-9356-3e06ce6253e8}*SharedItemsImports = 13
	EndGlobalSection
EndGlobal
